{
  "nodes": {
    "flake-parts": {
      "inputs": {
        "nixpkgs-lib": [
          "nixvim-config",
          "nixvim",
          "nixpkgs"
        ]
      },
      "locked": {
        "lastModified": 1741352980,
        "narHash": "sha256-+u2UunDA4Cl5Fci3m7S643HzKmIDAe+fiXrLqYsR2fs=",
        "owner": "hercules-ci",
        "repo": "flake-parts",
        "rev": "f4330d22f1c5d2ba72d3d22df5597d123fdb60a9",
        "type": "github"
      },
      "original": {
        "owner": "hercules-ci",
        "repo": "flake-parts",
        "type": "github"
      }
    },
    "flake-utils": {
      "inputs": {
        "systems": "systems"
      },
      "locked": {
        "lastModified": 1731533236,
        "narHash": "sha256-l0KFg5HjrsfsO/JpG+r7fRrqm12kzFHyUHqHCVpMMbI=",
        "owner": "numtide",
        "repo": "flake-utils",
        "rev": "11707dc2f618dd54ca8739b309ec4fc024de578b",
        "type": "github"
      },
      "original": {
        "owner": "numtide",
        "repo": "flake-utils",
        "type": "github"
      }
    },
    "ixx": {
      "inputs": {
        "flake-utils": [
          "nixvim-config",
          "nixvim",
          "nuschtosSearch",
          "flake-utils"
        ],
        "nixpkgs": [
          "nixvim-config",
          "nixvim",
          "nuschtosSearch",
          "nixpkgs"
        ]
      },
      "locked": {
        "lastModified": 1729958008,
        "narHash": "sha256-EiOq8jF4Z/zQe0QYVc3+qSKxRK//CFHMB84aYrYGwEs=",
        "owner": "NuschtOS",
        "repo": "ixx",
        "rev": "9fd01aad037f345350eab2cd45e1946cc66da4eb",
        "type": "github"
      },
      "original": {
        "owner": "NuschtOS",
        "ref": "v0.0.6",
        "repo": "ixx",
        "type": "github"
      }
    },
    "nix-editor": {
      "inputs": {
        "nixpkgs": "nixpkgs",
        "utils": "utils"
      },
      "locked": {
        "lastModified": 1703105021,
        "narHash": "sha256-Ne9NG7x45a8aJyAN+yYWbr/6mQHBVVkwZZ72EZHHRqw=",
        "owner": "vlinkz",
        "repo": "nix-editor",
        "rev": "b5017f8d61753ce6a3a1a2aa7e474d59146a8ae3",
        "type": "github"
      },
      "original": {
        "owner": "vlinkz",
        "repo": "nix-editor",
        "type": "github"
      }
    },
    "nixlib": {
      "locked": {
        "lastModified": 1729386149,
        "narHash": "sha256-hUP9oxmnOmNnKcDOf5Y55HQ+NnoT0+bLWHLQWLLw9Ks=",
        "owner": "nix-community",
        "repo": "nixpkgs.lib",
        "rev": "cce4521b6df014e79a7b7afc58c703ed683c916e",
        "type": "github"
      },
      "original": {
        "owner": "nix-community",
        "repo": "nixpkgs.lib",
        "type": "github"
      }
    },
    "nixos-generators": {
      "inputs": {
        "nixlib": "nixlib",
        "nixpkgs": [
          "nixpkgs"
        ]
      },
      "locked": {
        "lastModified": 1729472750,
        "narHash": "sha256-s93LPHi5BN7I2xSGNAFWiYb8WRsPvT1LE9ZjZBrpFlg=",
        "owner": "nix-community",
        "repo": "nixos-generators",
        "rev": "7c60ba4bc8d6aa2ba3e5b0f6ceb9fc07bc261565",
        "type": "github"
      },
      "original": {
        "owner": "nix-community",
        "repo": "nixos-generators",
        "type": "github"
      }
    },
    "nixos-hardware": {
      "locked": {
        "lastModified": 1729455275,
        "narHash": "sha256-THqzn/7um3oMHUEGXyq+1CJQE7EogwR3HjLMNOlhFBE=",
        "owner": "NixOS",
        "repo": "nixos-hardware",
        "rev": "9fcf30fccf8435f6390efec4a4d38e69c2268a36",
        "type": "github"
      },
      "original": {
        "owner": "NixOS",
        "ref": "master",
        "repo": "nixos-hardware",
        "type": "github"
      }
    },
    "nixpkgs": {
      "locked": {
        "lastModified": 1675673983,
        "narHash": "sha256-8hzNh1jtiPxL5r3ICNzSmpSzV7kGb3KwX+FS5BWJUTo=",
        "owner": "nixos",
        "repo": "nixpkgs",
        "rev": "5a350a8f31bb7ef0c6e79aea3795a890cf7743d4",
        "type": "github"
      },
      "original": {
        "owner": "nixos",
        "ref": "nixos-unstable",
        "repo": "nixpkgs",
        "type": "github"
      }
    },
    "nixpkgs-trunk": {
      "locked": {
        "lastModified": 1729477085,
        "narHash": "sha256-T1FA5x/mtBuvus5oKVEwjZ3FKE0U5BPYveL6PCYz0UU=",
        "owner": "NixOS",
        "repo": "nixpkgs",
        "rev": "b4a6d8806a4f08919bcd7f935a35252dcff0e711",
        "type": "github"
      },
      "original": {
        "owner": "NixOS",
        "repo": "nixpkgs",
        "type": "github"
      }
    },
    "nixpkgs-unstable": {
      "locked": {
        "lastModified": 1729256560,
        "narHash": "sha256-/uilDXvCIEs3C9l73JTACm4quuHUsIHcns1c+cHUJwA=",
        "owner": "NixOS",
        "repo": "nixpkgs",
        "rev": "4c2fcb090b1f3e5b47eaa7bd33913b574a11e0a0",
        "type": "github"
      },
      "original": {
        "owner": "NixOS",
        "ref": "nixos-unstable",
        "repo": "nixpkgs",
        "type": "github"
      }
    },
    "nixpkgs_2": {
      "locked": {
        "lastModified": 1729256560,
        "narHash": "sha256-/uilDXvCIEs3C9l73JTACm4quuHUsIHcns1c+cHUJwA=",
        "owner": "NixOS",
        "repo": "nixpkgs",
        "rev": "4c2fcb090b1f3e5b47eaa7bd33913b574a11e0a0",
        "type": "github"
      },
      "original": {
        "owner": "NixOS",
        "ref": "nixos-unstable",
        "repo": "nixpkgs",
        "type": "github"
      }
    },
    "nixpkgs_3": {
      "locked": {
        "lastModified": 1742422364,
        "narHash": "sha256-mNqIplmEohk5jRkqYqG19GA8MbQ/D4gQSK0Mu4LvfRQ=",
        "owner": "NixOS",
        "repo": "nixpkgs",
        "rev": "a84ebe20c6bc2ecbcfb000a50776219f48d134cc",
        "type": "github"
      },
      "original": {
        "owner": "NixOS",
        "ref": "nixos-unstable",
        "repo": "nixpkgs",
        "type": "github"
      }
    },
    "nixpkgs_4": {
      "locked": {
        "lastModified": 1742456341,
        "narHash": "sha256-yvdnTnROddjHxoQqrakUQWDZSzVchczfsuuMOxg476c=",
        "owner": "NixOS",
        "repo": "nixpkgs",
        "rev": "7344a3b78128f7b1765dba89060b015fb75431a7",
        "type": "github"
      },
      "original": {
        "owner": "NixOS",
        "ref": "nixpkgs-unstable",
        "repo": "nixpkgs",
        "type": "github"
      }
    },
    "nixvim": {
      "inputs": {
        "flake-parts": "flake-parts",
        "nixpkgs": "nixpkgs_4",
        "nuschtosSearch": "nuschtosSearch"
      },
      "locked": {
        "lastModified": 1742559284,
        "narHash": "sha256-PSSjCCqpJPkCagkkdLODBVVonGxgwU5dN2CYlFPNVNw=",
        "owner": "nix-community",
        "repo": "nixvim",
        "rev": "c980271267ef146a6c30394c611a97e077471cf2",
        "type": "github"
      },
      "original": {
        "owner": "nix-community",
        "repo": "nixvim",
        "type": "github"
      }
    },
    "nixvim-config": {
      "inputs": {
        "nixpkgs": "nixpkgs_3",
        "nixvim": "nixvim"
      },
      "locked": {
        "lastModified": 1742683450,
        "narHash": "sha256-kXpQQ8SFgD7OQlqh4etbaOAOXRcsWw1kDLx82kUPCRY=",
        "ref": "refs/heads/main",
        "rev": "122998a34224ff00955555330badb67360dd3126",
        "revCount": 19,
        "type": "git",
        "url": "https://git.homefree.host/homefree/nixvim-config"
      },
      "original": {
        "type": "git",
        "url": "https://git.homefree.host/homefree/nixvim-config"
      }
    },
    "nuschtosSearch": {
      "inputs": {
        "flake-utils": "flake-utils",
        "ixx": "ixx",
        "nixpkgs": [
          "nixvim-config",
          "nixvim",
          "nixpkgs"
        ]
      },
      "locked": {
        "lastModified": 1741886583,
        "narHash": "sha256-sScfYKtxp3CYv5fJcHQDvQjqBL+tPNQqS9yf9Putd+s=",
        "owner": "NuschtOS",
        "repo": "search",
        "rev": "2974bc5fa3441a319fba943f3ca41f7dcd1a1467",
        "type": "github"
      },
      "original": {
        "owner": "NuschtOS",
        "repo": "search",
        "type": "github"
      }
    },
    "root": {
      "inputs": {
        "nix-editor": "nix-editor",
        "nixos-generators": "nixos-generators",
        "nixos-hardware": "nixos-hardware",
        "nixpkgs": "nixpkgs_2",
        "nixpkgs-trunk": "nixpkgs-trunk",
        "nixpkgs-unstable": "nixpkgs-unstable",
        "nixvim-config": "nixvim-config",
        "rpi-bluez-firmware-src": "rpi-bluez-firmware-src",
        "rpi-firmware-nonfree-src": "rpi-firmware-nonfree-src",
        "rpi-firmware-src": "rpi-firmware-src",
        "rpi-linux-6_1-src": "rpi-linux-6_1-src",
        "u-boot-src": "u-boot-src"
      }
    },
    "rpi-bluez-firmware-src": {
      "flake": false,
      "locked": {
        "lastModified": 1698157837,
        "narHash": "sha256-CjbZ3t3TW/iJ3+t9QKEtM9NdQU7SwcUCDYuTmFEwvhU=",
        "owner": "RPi-Distro",
        "repo": "bluez-firmware",
        "rev": "d9d4741caba7314d6500f588b1eaa5ab387a4ff5",
        "type": "github"
      },
      "original": {
        "owner": "RPi-Distro",
        "repo": "bluez-firmware",
        "rev": "d9d4741caba7314d6500f588b1eaa5ab387a4ff5",
        "type": "github"
      }
    },
    "rpi-firmware-nonfree-src": {
      "flake": false,
      "locked": {
        "lastModified": 1700058854,
        "narHash": "sha256-Yynww79LPPkau4YDSLI6IMOjH64nMpHUdGjnCfIR2+M=",
        "owner": "RPi-Distro",
        "repo": "firmware-nonfree",
        "rev": "88aa085bfa1a4650e1ccd88896f8343c22a24055",
        "type": "github"
      },
      "original": {
        "owner": "RPi-Distro",
        "repo": "firmware-nonfree",
        "rev": "88aa085bfa1a4650e1ccd88896f8343c22a24055",
        "type": "github"
      }
    },
    "rpi-firmware-src": {
      "flake": false,
      "locked": {
        "lastModified": 1702298535,
        "narHash": "sha256-2mOzSJhI5cw8nkgixVXYLdhQMl8m14qHxNzp89huSx4=",
        "owner": "raspberrypi",
        "repo": "firmware",
        "rev": "7e6decce72fdff51923e9203db46716835ae889a",
        "type": "github"
      },
      "original": {
        "owner": "raspberrypi",
        "repo": "firmware",
        "rev": "7e6decce72fdff51923e9203db46716835ae889a",
        "type": "github"
      }
    },
    "rpi-linux-6_1-src": {
      "flake": false,
      "locked": {
        "lastModified": 1700737065,
        "narHash": "sha256-4Rc57y70LmRFwDnOD4rHoHGmfxD9zYEAwYm9Wvyb3no=",
        "owner": "raspberrypi",
        "repo": "linux",
        "rev": "a984fda6b2c24dbf1ca21924f99c8f9418f5765e",
        "type": "github"
      },
      "original": {
        "owner": "raspberrypi",
        "ref": "stable_20231123",
        "repo": "linux",
        "type": "github"
      }
    },
    "systems": {
      "locked": {
        "lastModified": 1681028828,
        "narHash": "sha256-Vy1rq5AaRuLzOxct8nz4T6wlgyUR7zLU309k9mBC768=",
        "owner": "nix-systems",
        "repo": "default",
        "rev": "da67096a3b9bf56a91d16901293e51ba5b49a27e",
        "type": "github"
      },
      "original": {
        "owner": "nix-systems",
        "repo": "default",
        "type": "github"
      }
    },
    "u-boot-src": {
      "flake": false,
      "locked": {
        "lastModified": 1704728268,
        "narHash": "sha256-0Da7Czy9cpQ+D5EICc3/QSZhAdCBsmeMvBgykYhAQFw=",
        "type": "tarball",
        "url": "https://ftp.denx.de/pub/u-boot/u-boot-2024.01.tar.bz2"
      },
      "original": {
        "type": "tarball",
        "url": "https://ftp.denx.de/pub/u-boot/u-boot-2024.01.tar.bz2"
      }
    },
    "utils": {
      "locked": {
        "lastModified": 1667395993,
        "narHash": "sha256-nuEHfE/LcWyuSWnS8t12N1wc105Qtau+/OdUAjtQ0rA=",
        "owner": "numtide",
        "repo": "flake-utils",
        "rev": "5aed5285a952e0b949eb3ba02c12fa4fcfef535f",
        "type": "github"
      },
      "original": {
        "owner": "numtide",
        "repo": "flake-utils",
        "type": "github"
      }
    }
  },
  "root": "root",
  "version": 7
}
