{
  "nodes": {
    "flake-parts": {
      "inputs": {
        "nixpkgs-lib": [
          "nixvim-config",
          "nixvim",
          "nixpkgs"
        ]
      },
      "locked": {
        "lastModified": 1751413152,
        "narHash": "sha256-Tyw1RjYEsp5scoigs1384gIg6e0GoBVjms4aXFfRssQ=",
        "owner": "hercules-ci",
        "repo": "flake-parts",
        "rev": "77826244401ea9de6e3bac47c2db46005e1f30b5",
        "type": "github"
      },
      "original": {
        "owner": "hercules-ci",
        "repo": "flake-parts",
        "type": "github"
      }
    },
    "flake-utils": {
      "inputs": {
        "systems": "systems"
      },
      "locked": {
        "lastModified": 1731533236,
        "narHash": "sha256-l0KFg5HjrsfsO/JpG+r7fRrqm12kzFHyUHqHCVpMMbI=",
        "owner": "numtide",
        "repo": "flake-utils",
        "rev": "11707dc2f618dd54ca8739b309ec4fc024de578b",
        "type": "github"
      },
      "original": {
        "owner": "numtide",
        "repo": "flake-utils",
        "type": "github"
      }
    },
    "ixx": {
      "inputs": {
        "flake-utils": [
          "nixvim-config",
          "nixvim",
          "nuschtosSearch",
          "flake-utils"
        ],
        "nixpkgs": [
          "nixvim-config",
          "nixvim",
          "nuschtosSearch",
          "nixpkgs"
        ]
      },
      "locked": {
        "lastModified": 1748294338,
        "narHash": "sha256-FVO01jdmUNArzBS7NmaktLdGA5qA3lUMJ4B7a05Iynw=",
        "owner": "NuschtOS",
        "repo": "ixx",
        "rev": "cc5f390f7caf265461d4aab37e98d2292ebbdb85",
        "type": "github"
      },
      "original": {
        "owner": "NuschtOS",
        "ref": "v0.0.8",
        "repo": "ixx",
        "type": "github"
      }
    },
    "nixos-hardware": {
      "locked": {
        "lastModified": 1755330281,
        "narHash": "sha256-aJHFJWP9AuI8jUGzI77LYcSlkA9wJnOIg4ZqftwNGXA=",
        "owner": "NixOS",
        "repo": "nixos-hardware",
        "rev": "3dac8a872557e0ca8c083cdcfc2f218d18e113b0",
        "type": "github"
      },
      "original": {
        "owner": "NixOS",
        "ref": "master",
        "repo": "nixos-hardware",
        "type": "github"
      }
    },
    "nixpkgs": {
      "locked": {
        "lastModified": 1755186698,
        "narHash": "sha256-wNO3+Ks2jZJ4nTHMuks+cxAiVBGNuEBXsT29Bz6HASo=",
        "owner": "NixOS",
        "repo": "nixpkgs",
        "rev": "fbcf476f790d8a217c3eab4e12033dc4a0f6d23c",
        "type": "github"
      },
      "original": {
        "owner": "NixOS",
        "ref": "nixos-unstable",
        "repo": "nixpkgs",
        "type": "github"
      }
    },
    "nixpkgs-trunk": {
      "locked": {
        "lastModified": 1755651354,
        "narHash": "sha256-8lVBMZICfNCKVaHZvY8MLis9jQCN6JAABMKpwY/1jC4=",
        "owner": "NixOS",
        "repo": "nixpkgs",
        "rev": "b40f6ad296fa44ef1616f62e62a9bd6d7acd8ce7",
        "type": "github"
      },
      "original": {
        "owner": "NixOS",
        "repo": "nixpkgs",
        "type": "github"
      }
    },
    "nixpkgs-unstable": {
      "locked": {
        "lastModified": 1755186698,
        "narHash": "sha256-wNO3+Ks2jZJ4nTHMuks+cxAiVBGNuEBXsT29Bz6HASo=",
        "owner": "NixOS",
        "repo": "nixpkgs",
        "rev": "fbcf476f790d8a217c3eab4e12033dc4a0f6d23c",
        "type": "github"
      },
      "original": {
        "owner": "NixOS",
        "ref": "nixos-unstable",
        "repo": "nixpkgs",
        "type": "github"
      }
    },
    "nixpkgs_2": {
      "locked": {
        "lastModified": 1752077645,
        "narHash": "sha256-HM791ZQtXV93xtCY+ZxG1REzhQenSQO020cu6rHtAPk=",
        "owner": "NixOS",
        "repo": "nixpkgs",
        "rev": "be9e214982e20b8310878ac2baa063a961c1bdf6",
        "type": "github"
      },
      "original": {
        "owner": "NixOS",
        "ref": "nixpkgs-unstable",
        "repo": "nixpkgs",
        "type": "github"
      }
    },
    "nixvim": {
      "inputs": {
        "flake-parts": "flake-parts",
        "nixpkgs": "nixpkgs_2",
        "nuschtosSearch": "nuschtosSearch",
        "systems": "systems_2"
      },
      "locked": {
        "lastModified": 1752546848,
        "narHash": "sha256-WzHqmJ1wEZoUGAedomwcVLCuNsiB9bZzZXk7K9ZDBwk=",
        "owner": "nix-community",
        "repo": "nixvim",
        "rev": "1fb1bf8a73ccf207dbe967cdb7f2f4e0122c8bd5",
        "type": "github"
      },
      "original": {
        "owner": "nix-community",
        "repo": "nixvim",
        "type": "github"
      }
    },
    "nixvim-config": {
      "inputs": {
        "nixvim": "nixvim"
      },
      "locked": {
        "lastModified": 1752711156,
        "narHash": "sha256-JTycnQR8c0ddEVGUmugo3tF1XJRQ8YWDFyQh7aBHMIY=",
        "ref": "refs/heads/main",
        "rev": "b3c13d362f193c41212e3b541f1d762fdd0efdbc",
        "revCount": 27,
        "type": "git",
        "url": "https://git.homefree.host/homefree/nixvim-config"
      },
      "original": {
        "type": "git",
        "url": "https://git.homefree.host/homefree/nixvim-config"
      }
    },
    "nuschtosSearch": {
      "inputs": {
        "flake-utils": "flake-utils",
        "ixx": "ixx",
        "nixpkgs": [
          "nixvim-config",
          "nixvim",
          "nixpkgs"
        ]
      },
      "locked": {
        "lastModified": 1749730855,
        "narHash": "sha256-L3x2nSlFkXkM6tQPLJP3oCBMIsRifhIDPMQQdHO5xWo=",
        "owner": "NuschtOS",
        "repo": "search",
        "rev": "8dfe5879dd009ff4742b668d9c699bc4b9761742",
        "type": "github"
      },
      "original": {
        "owner": "NuschtOS",
        "repo": "search",
        "type": "github"
      }
    },
    "root": {
      "inputs": {
        "nixos-hardware": "nixos-hardware",
        "nixpkgs": "nixpkgs",
        "nixpkgs-trunk": "nixpkgs-trunk",
        "nixpkgs-unstable": "nixpkgs-unstable",
        "nixvim-config": "nixvim-config"
      }
    },
    "systems": {
      "locked": {
        "lastModified": 1681028828,
        "narHash": "sha256-Vy1rq5AaRuLzOxct8nz4T6wlgyUR7zLU309k9mBC768=",
        "owner": "nix-systems",
        "repo": "default",
        "rev": "da67096a3b9bf56a91d16901293e51ba5b49a27e",
        "type": "github"
      },
      "original": {
        "owner": "nix-systems",
        "repo": "default",
        "type": "github"
      }
    },
    "systems_2": {
      "locked": {
        "lastModified": 1681028828,
        "narHash": "sha256-Vy1rq5AaRuLzOxct8nz4T6wlgyUR7zLU309k9mBC768=",
        "owner": "nix-systems",
        "repo": "default",
        "rev": "da67096a3b9bf56a91d16901293e51ba5b49a27e",
        "type": "github"
      },
      "original": {
        "owner": "nix-systems",
        "repo": "default",
        "type": "github"
      }
    }
  },
  "root": "root",
  "version": 7
}
